// !$*UTF8*$!
{
	archiveVersion = 1;
	classes = {
	};
	objectVersion = 48;
	objects = {

/* Begin PBXBuildFile section */
		23900CC23E393DC8F6966EF5 /* Pods_Zhsyd_Swift.framework in Frameworks */ = {isa = PBXBuildFile; fileRef = 7995AD28EA95869BEEE194B9 /* Pods_Zhsyd_Swift.framework */; };
		E1006BCA207C7E1A00B5D151 /* BannarModel.swift in Sources */ = {isa = PBXBuildFile; fileRef = E1006BC9207C7E1A00B5D151 /* BannarModel.swift */; };
		E1006BCC207C7F3E00B5D151 /* AnnouceModel.swift in Sources */ = {isa = PBXBuildFile; fileRef = E1006BCB207C7F3E00B5D151 /* AnnouceModel.swift */; };
		E1006BD0207CAF9C00B5D151 /* GJBaseWebViewController.swift in Sources */ = {isa = PBXBuildFile; fileRef = E1006BCF207CAF9C00B5D151 /* GJBaseWebViewController.swift */; };
		E1006BD2207CB0D000B5D151 /* BannarDetailViewController.swift in Sources */ = {isa = PBXBuildFile; fileRef = E1006BD1207CB0D000B5D151 /* BannarDetailViewController.swift */; };
		E1006BD4207CB16000B5D151 /* AnnounceDetailController.swift in Sources */ = {isa = PBXBuildFile; fileRef = E1006BD3207CB16000B5D151 /* AnnounceDetailController.swift */; };
		E1006BD7207CB52900B5D151 /* GJSegment.swift in Sources */ = {isa = PBXBuildFile; fileRef = E1006BD6207CB52900B5D151 /* GJSegment.swift */; };
		E1006BD9207DA09200B5D151 /* InvestListViewController.swift in Sources */ = {isa = PBXBuildFile; fileRef = E1006BD8207DA09200B5D151 /* InvestListViewController.swift */; };
		E1006BDB207DB8C800B5D151 /* InvestListCell.swift in Sources */ = {isa = PBXBuildFile; fileRef = E1006BDA207DB8C800B5D151 /* InvestListCell.swift */; };
		E134B525207B425B0082323C /* UserAgreementViewController.swift in Sources */ = {isa = PBXBuildFile; fileRef = E134B524207B425B0082323C /* UserAgreementViewController.swift */; };
		E134B527207B42970082323C /* UserAgreement.html in Resources */ = {isa = PBXBuildFile; fileRef = E134B526207B42970082323C /* UserAgreement.html */; };
		E134B529207B491C0082323C /* RegisterSuccessViewController.swift in Sources */ = {isa = PBXBuildFile; fileRef = E134B528207B491C0082323C /* RegisterSuccessViewController.swift */; };
		E134B52B207B4D5E0082323C /* ForgetPasswordViewController.swift in Sources */ = {isa = PBXBuildFile; fileRef = E134B52A207B4D5E0082323C /* ForgetPasswordViewController.swift */; };
		E134B52D207B673D0082323C /* ResetPasswordViewController.swift in Sources */ = {isa = PBXBuildFile; fileRef = E134B52C207B673D0082323C /* ResetPasswordViewController.swift */; };
		E18BCB0E207DC6A100D83270 /* GJRefreshHeader.swift in Sources */ = {isa = PBXBuildFile; fileRef = E18BCB0D207DC6A100D83270 /* GJRefreshHeader.swift */; };
		E18BCB10207DC81A00D83270 /* GJRefreshFooter.swift in Sources */ = {isa = PBXBuildFile; fileRef = E18BCB0F207DC81A00D83270 /* GJRefreshFooter.swift */; };
		E18BCB12207DD15700D83270 /* InvestDetailViewController.swift in Sources */ = {isa = PBXBuildFile; fileRef = E18BCB11207DD15700D83270 /* InvestDetailViewController.swift */; };
		E18BCB14207DD88D00D83270 /* InvestDetailModel.swift in Sources */ = {isa = PBXBuildFile; fileRef = E18BCB13207DD88D00D83270 /* InvestDetailModel.swift */; };
		E18BCB16207DE05400D83270 /* InvestDetailCell.swift in Sources */ = {isa = PBXBuildFile; fileRef = E18BCB15207DE05400D83270 /* InvestDetailCell.swift */; };
		E18BCB1D207E0A6900D83270 /* InvestCommitView.swift in Sources */ = {isa = PBXBuildFile; fileRef = E18BCB1C207E0A6900D83270 /* InvestCommitView.swift */; };
		E18BCB23207F424900D83270 /* CunguanWebViewController.swift in Sources */ = {isa = PBXBuildFile; fileRef = E18BCB22207F424900D83270 /* CunguanWebViewController.swift */; };
		E18BCB25207F52B000D83270 /* GJProgressView.swift in Sources */ = {isa = PBXBuildFile; fileRef = E18BCB24207F52B000D83270 /* GJProgressView.swift */; };
		E1FDCEB120721034006B0CB1 /* AppDelegate.swift in Sources */ = {isa = PBXBuildFile; fileRef = E1FDCEB020721034006B0CB1 /* AppDelegate.swift */; };
		E1FDCEB320721034006B0CB1 /* ViewController.swift in Sources */ = {isa = PBXBuildFile; fileRef = E1FDCEB220721034006B0CB1 /* ViewController.swift */; };
		E1FDCEB620721034006B0CB1 /* Main.storyboard in Resources */ = {isa = PBXBuildFile; fileRef = E1FDCEB420721034006B0CB1 /* Main.storyboard */; };
		E1FDCEB820721034006B0CB1 /* Assets.xcassets in Resources */ = {isa = PBXBuildFile; fileRef = E1FDCEB720721034006B0CB1 /* Assets.xcassets */; };
		E1FDCEBB20721034006B0CB1 /* LaunchScreen.storyboard in Resources */ = {isa = PBXBuildFile; fileRef = E1FDCEB920721034006B0CB1 /* LaunchScreen.storyboard */; };
		E1FDCEC620721034006B0CB1 /* Zhsyd_SwiftTests.swift in Sources */ = {isa = PBXBuildFile; fileRef = E1FDCEC520721034006B0CB1 /* Zhsyd_SwiftTests.swift */; };
		E1FDCED120721034006B0CB1 /* Zhsyd_SwiftUITests.swift in Sources */ = {isa = PBXBuildFile; fileRef = E1FDCED020721034006B0CB1 /* Zhsyd_SwiftUITests.swift */; };
		E1FDCEE920721790006B0CB1 /* NetWorkFile.swift in Sources */ = {isa = PBXBuildFile; fileRef = E1FDCEE820721790006B0CB1 /* NetWorkFile.swift */; };
		E1FDCEEB20721880006B0CB1 /* VariableDefineFile.swift in Sources */ = {isa = PBXBuildFile; fileRef = E1FDCEEA20721880006B0CB1 /* VariableDefineFile.swift */; };
		E1FDCEEF2072226F006B0CB1 /* GJNetwork.swift in Sources */ = {isa = PBXBuildFile; fileRef = E1FDCEEE2072226F006B0CB1 /* GJNetwork.swift */; };
		E1FDCEF120722285006B0CB1 /* GJNetWorkTool.swift in Sources */ = {isa = PBXBuildFile; fileRef = E1FDCEF020722285006B0CB1 /* GJNetWorkTool.swift */; };
		E1FDCEFC2072231B006B0CB1 /* InvestListCellModel.swift in Sources */ = {isa = PBXBuildFile; fileRef = E1FDCEFB2072231B006B0CB1 /* InvestListCellModel.swift */; };
		E1FDCEFE20722347006B0CB1 /* MainInvestListCell.swift in Sources */ = {isa = PBXBuildFile; fileRef = E1FDCEFD20722347006B0CB1 /* MainInvestListCell.swift */; };
		E1FDCF002072259A006B0CB1 /* GJUtil.swift in Sources */ = {isa = PBXBuildFile; fileRef = E1FDCEFF2072259A006B0CB1 /* GJUtil.swift */; };
		E1FDCF0220722C05006B0CB1 /* GJNetworkReachability.swift in Sources */ = {isa = PBXBuildFile; fileRef = E1FDCF0120722C05006B0CB1 /* GJNetworkReachability.swift */; };
		E1FDCF0520732A9D006B0CB1 /* GJTabbarController.swift in Sources */ = {isa = PBXBuildFile; fileRef = E1FDCF0420732A9D006B0CB1 /* GJTabbarController.swift */; };
		E1FDCF0720734058006B0CB1 /* GJNavigationController.swift in Sources */ = {isa = PBXBuildFile; fileRef = E1FDCF0620734058006B0CB1 /* GJNavigationController.swift */; };
		E1FDCF092073410B006B0CB1 /* GJBaseViewController.swift in Sources */ = {isa = PBXBuildFile; fileRef = E1FDCF082073410B006B0CB1 /* GJBaseViewController.swift */; };
		E1FDCF0B2073414F006B0CB1 /* MainViewController.swift in Sources */ = {isa = PBXBuildFile; fileRef = E1FDCF0A2073414F006B0CB1 /* MainViewController.swift */; };
		E1FDCF13207341CC006B0CB1 /* InvestViewController.swift in Sources */ = {isa = PBXBuildFile; fileRef = E1FDCF12207341CC006B0CB1 /* InvestViewController.swift */; };
		E1FDCF15207341DA006B0CB1 /* MineViewController.swift in Sources */ = {isa = PBXBuildFile; fileRef = E1FDCF14207341DA006B0CB1 /* MineViewController.swift */; };
		E1FDCF1A20734795006B0CB1 /* UIBarButtonItem+Extension.swift in Sources */ = {isa = PBXBuildFile; fileRef = E1FDCF1920734795006B0CB1 /* UIBarButtonItem+Extension.swift */; };
		E1FDCF1D20749384006B0CB1 /* LoginViewController.swift in Sources */ = {isa = PBXBuildFile; fileRef = E1FDCF1C20749384006B0CB1 /* LoginViewController.swift */; };
		E1FDCF1F2074AB3A006B0CB1 /* RegisterViewController.swift in Sources */ = {isa = PBXBuildFile; fileRef = E1FDCF1E2074AB3A006B0CB1 /* RegisterViewController.swift */; };
/* End PBXBuildFile section */

/* Begin PBXContainerItemProxy section */
		E1FDCEC220721034006B0CB1 /* PBXContainerItemProxy */ = {
			isa = PBXContainerItemProxy;
			containerPortal = E1FDCEA520721034006B0CB1 /* Project object */;
			proxyType = 1;
			remoteGlobalIDString = E1FDCEAC20721034006B0CB1;
			remoteInfo = Zhsyd_Swift;
		};
		E1FDCECD20721034006B0CB1 /* PBXContainerItemProxy */ = {
			isa = PBXContainerItemProxy;
			containerPortal = E1FDCEA520721034006B0CB1 /* Project object */;
			proxyType = 1;
			remoteGlobalIDString = E1FDCEAC20721034006B0CB1;
			remoteInfo = Zhsyd_Swift;
		};
/* End PBXContainerItemProxy section */

/* Begin PBXFileReference section */
		58B27D30EC3E616C876ED07B /* Pods-Zhsyd_Swift.debug.xcconfig */ = {isa = PBXFileReference; includeInIndex = 1; lastKnownFileType = text.xcconfig; name = "Pods-Zhsyd_Swift.debug.xcconfig"; path = "Pods/Target Support Files/Pods-Zhsyd_Swift/Pods-Zhsyd_Swift.debug.xcconfig"; sourceTree = "<group>"; };
		7995AD28EA95869BEEE194B9 /* Pods_Zhsyd_Swift.framework */ = {isa = PBXFileReference; explicitFileType = wrapper.framework; includeInIndex = 0; path = Pods_Zhsyd_Swift.framework; sourceTree = BUILT_PRODUCTS_DIR; };
		C3916287473570FBA7B57ACA /* Pods-Zhsyd_Swift.release.xcconfig */ = {isa = PBXFileReference; includeInIndex = 1; lastKnownFileType = text.xcconfig; name = "Pods-Zhsyd_Swift.release.xcconfig"; path = "Pods/Target Support Files/Pods-Zhsyd_Swift/Pods-Zhsyd_Swift.release.xcconfig"; sourceTree = "<group>"; };
		E1006BC9207C7E1A00B5D151 /* BannarModel.swift */ = {isa = PBXFileReference; lastKnownFileType = sourcecode.swift; path = BannarModel.swift; sourceTree = "<group>"; };
		E1006BCB207C7F3E00B5D151 /* AnnouceModel.swift */ = {isa = PBXFileReference; lastKnownFileType = sourcecode.swift; path = AnnouceModel.swift; sourceTree = "<group>"; };
		E1006BCF207CAF9C00B5D151 /* GJBaseWebViewController.swift */ = {isa = PBXFileReference; lastKnownFileType = sourcecode.swift; path = GJBaseWebViewController.swift; sourceTree = "<group>"; };
		E1006BD1207CB0D000B5D151 /* BannarDetailViewController.swift */ = {isa = PBXFileReference; lastKnownFileType = sourcecode.swift; path = BannarDetailViewController.swift; sourceTree = "<group>"; };
		E1006BD3207CB16000B5D151 /* AnnounceDetailController.swift */ = {isa = PBXFileReference; lastKnownFileType = sourcecode.swift; path = AnnounceDetailController.swift; sourceTree = "<group>"; };
		E1006BD6207CB52900B5D151 /* GJSegment.swift */ = {isa = PBXFileReference; lastKnownFileType = sourcecode.swift; path = GJSegment.swift; sourceTree = "<group>"; };
		E1006BD8207DA09200B5D151 /* InvestListViewController.swift */ = {isa = PBXFileReference; lastKnownFileType = sourcecode.swift; path = InvestListViewController.swift; sourceTree = "<group>"; };
		E1006BDA207DB8C800B5D151 /* InvestListCell.swift */ = {isa = PBXFileReference; lastKnownFileType = sourcecode.swift; path = InvestListCell.swift; sourceTree = "<group>"; };
		E134B524207B425B0082323C /* UserAgreementViewController.swift */ = {isa = PBXFileReference; lastKnownFileType = sourcecode.swift; path = UserAgreementViewController.swift; sourceTree = "<group>"; };
		E134B526207B42970082323C /* UserAgreement.html */ = {isa = PBXFileReference; fileEncoding = 4; lastKnownFileType = text.html; path = UserAgreement.html; sourceTree = "<group>"; };
		E134B528207B491C0082323C /* RegisterSuccessViewController.swift */ = {isa = PBXFileReference; lastKnownFileType = sourcecode.swift; path = RegisterSuccessViewController.swift; sourceTree = "<group>"; };
		E134B52A207B4D5E0082323C /* ForgetPasswordViewController.swift */ = {isa = PBXFileReference; lastKnownFileType = sourcecode.swift; path = ForgetPasswordViewController.swift; sourceTree = "<group>"; };
		E134B52C207B673D0082323C /* ResetPasswordViewController.swift */ = {isa = PBXFileReference; lastKnownFileType = sourcecode.swift; path = ResetPasswordViewController.swift; sourceTree = "<group>"; };
		E18BCB0D207DC6A100D83270 /* GJRefreshHeader.swift */ = {isa = PBXFileReference; lastKnownFileType = sourcecode.swift; path = GJRefreshHeader.swift; sourceTree = "<group>"; };
		E18BCB0F207DC81A00D83270 /* GJRefreshFooter.swift */ = {isa = PBXFileReference; lastKnownFileType = sourcecode.swift; path = GJRefreshFooter.swift; sourceTree = "<group>"; };
		E18BCB11207DD15700D83270 /* InvestDetailViewController.swift */ = {isa = PBXFileReference; lastKnownFileType = sourcecode.swift; path = InvestDetailViewController.swift; sourceTree = "<group>"; };
		E18BCB13207DD88D00D83270 /* InvestDetailModel.swift */ = {isa = PBXFileReference; lastKnownFileType = sourcecode.swift; path = InvestDetailModel.swift; sourceTree = "<group>"; };
		E18BCB15207DE05400D83270 /* InvestDetailCell.swift */ = {isa = PBXFileReference; lastKnownFileType = sourcecode.swift; path = InvestDetailCell.swift; sourceTree = "<group>"; };
		E18BCB1C207E0A6900D83270 /* InvestCommitView.swift */ = {isa = PBXFileReference; lastKnownFileType = sourcecode.swift; path = InvestCommitView.swift; sourceTree = "<group>"; };
		E18BCB22207F424900D83270 /* CunguanWebViewController.swift */ = {isa = PBXFileReference; lastKnownFileType = sourcecode.swift; path = CunguanWebViewController.swift; sourceTree = "<group>"; };
		E18BCB24207F52B000D83270 /* GJProgressView.swift */ = {isa = PBXFileReference; lastKnownFileType = sourcecode.swift; path = GJProgressView.swift; sourceTree = "<group>"; };
		E1FDCEAD20721034006B0CB1 /* Zhsyd_Swift.app */ = {isa = PBXFileReference; explicitFileType = wrapper.application; includeInIndex = 0; path = Zhsyd_Swift.app; sourceTree = BUILT_PRODUCTS_DIR; };
		E1FDCEB020721034006B0CB1 /* AppDelegate.swift */ = {isa = PBXFileReference; lastKnownFileType = sourcecode.swift; path = AppDelegate.swift; sourceTree = "<group>"; };
		E1FDCEB220721034006B0CB1 /* ViewController.swift */ = {isa = PBXFileReference; lastKnownFileType = sourcecode.swift; path = ViewController.swift; sourceTree = "<group>"; };
		E1FDCEB520721034006B0CB1 /* Base */ = {isa = PBXFileReference; lastKnownFileType = file.storyboard; name = Base; path = Base.lproj/Main.storyboard; sourceTree = "<group>"; };
		E1FDCEB720721034006B0CB1 /* Assets.xcassets */ = {isa = PBXFileReference; lastKnownFileType = folder.assetcatalog; path = Assets.xcassets; sourceTree = "<group>"; };
		E1FDCEBA20721034006B0CB1 /* Base */ = {isa = PBXFileReference; lastKnownFileType = file.storyboard; name = Base; path = Base.lproj/LaunchScreen.storyboard; sourceTree = "<group>"; };
		E1FDCEBC20721034006B0CB1 /* Info.plist */ = {isa = PBXFileReference; lastKnownFileType = text.plist.xml; path = Info.plist; sourceTree = "<group>"; };
		E1FDCEC120721034006B0CB1 /* Zhsyd_SwiftTests.xctest */ = {isa = PBXFileReference; explicitFileType = wrapper.cfbundle; includeInIndex = 0; path = Zhsyd_SwiftTests.xctest; sourceTree = BUILT_PRODUCTS_DIR; };
		E1FDCEC520721034006B0CB1 /* Zhsyd_SwiftTests.swift */ = {isa = PBXFileReference; lastKnownFileType = sourcecode.swift; path = Zhsyd_SwiftTests.swift; sourceTree = "<group>"; };
		E1FDCEC720721034006B0CB1 /* Info.plist */ = {isa = PBXFileReference; lastKnownFileType = text.plist.xml; path = Info.plist; sourceTree = "<group>"; };
		E1FDCECC20721034006B0CB1 /* Zhsyd_SwiftUITests.xctest */ = {isa = PBXFileReference; explicitFileType = wrapper.cfbundle; includeInIndex = 0; path = Zhsyd_SwiftUITests.xctest; sourceTree = BUILT_PRODUCTS_DIR; };
		E1FDCED020721034006B0CB1 /* Zhsyd_SwiftUITests.swift */ = {isa = PBXFileReference; lastKnownFileType = sourcecode.swift; path = Zhsyd_SwiftUITests.swift; sourceTree = "<group>"; };
		E1FDCED220721034006B0CB1 /* Info.plist */ = {isa = PBXFileReference; lastKnownFileType = text.plist.xml; path = Info.plist; sourceTree = "<group>"; };
		E1FDCEE820721790006B0CB1 /* NetWorkFile.swift */ = {isa = PBXFileReference; lastKnownFileType = sourcecode.swift; path = NetWorkFile.swift; sourceTree = "<group>"; };
		E1FDCEEA20721880006B0CB1 /* VariableDefineFile.swift */ = {isa = PBXFileReference; lastKnownFileType = sourcecode.swift; path = VariableDefineFile.swift; sourceTree = "<group>"; };
		E1FDCEEC20721953006B0CB1 /* PrefixHeader.pch */ = {isa = PBXFileReference; fileEncoding = 4; lastKnownFileType = sourcecode.c.h; path = PrefixHeader.pch; sourceTree = "<group>"; };
		E1FDCEED20721953006B0CB1 /* Zhsyd_Swift_briding_Header.h */ = {isa = PBXFileReference; fileEncoding = 4; lastKnownFileType = sourcecode.c.h; path = Zhsyd_Swift_briding_Header.h; sourceTree = "<group>"; };
		E1FDCEEE2072226F006B0CB1 /* GJNetwork.swift */ = {isa = PBXFileReference; lastKnownFileType = sourcecode.swift; path = GJNetwork.swift; sourceTree = "<group>"; };
		E1FDCEF020722285006B0CB1 /* GJNetWorkTool.swift */ = {isa = PBXFileReference; lastKnownFileType = sourcecode.swift; path = GJNetWorkTool.swift; sourceTree = "<group>"; };
		E1FDCEFB2072231B006B0CB1 /* InvestListCellModel.swift */ = {isa = PBXFileReference; fileEncoding = 4; lastKnownFileType = sourcecode.swift; path = InvestListCellModel.swift; sourceTree = "<group>"; };
		E1FDCEFD20722347006B0CB1 /* MainInvestListCell.swift */ = {isa = PBXFileReference; lastKnownFileType = sourcecode.swift; path = MainInvestListCell.swift; sourceTree = "<group>"; };
		E1FDCEFF2072259A006B0CB1 /* GJUtil.swift */ = {isa = PBXFileReference; lastKnownFileType = sourcecode.swift; path = GJUtil.swift; sourceTree = "<group>"; };
		E1FDCF0120722C05006B0CB1 /* GJNetworkReachability.swift */ = {isa = PBXFileReference; lastKnownFileType = sourcecode.swift; path = GJNetworkReachability.swift; sourceTree = "<group>"; };
		E1FDCF0420732A9D006B0CB1 /* GJTabbarController.swift */ = {isa = PBXFileReference; lastKnownFileType = sourcecode.swift; path = GJTabbarController.swift; sourceTree = "<group>"; };
		E1FDCF0620734058006B0CB1 /* GJNavigationController.swift */ = {isa = PBXFileReference; lastKnownFileType = sourcecode.swift; path = GJNavigationController.swift; sourceTree = "<group>"; };
		E1FDCF082073410B006B0CB1 /* GJBaseViewController.swift */ = {isa = PBXFileReference; lastKnownFileType = sourcecode.swift; path = GJBaseViewController.swift; sourceTree = "<group>"; };
		E1FDCF0A2073414F006B0CB1 /* MainViewController.swift */ = {isa = PBXFileReference; lastKnownFileType = sourcecode.swift; path = MainViewController.swift; sourceTree = "<group>"; };
		E1FDCF12207341CC006B0CB1 /* InvestViewController.swift */ = {isa = PBXFileReference; lastKnownFileType = sourcecode.swift; path = InvestViewController.swift; sourceTree = "<group>"; };
		E1FDCF14207341DA006B0CB1 /* MineViewController.swift */ = {isa = PBXFileReference; lastKnownFileType = sourcecode.swift; path = MineViewController.swift; sourceTree = "<group>"; };
		E1FDCF1920734795006B0CB1 /* UIBarButtonItem+Extension.swift */ = {isa = PBXFileReference; lastKnownFileType = sourcecode.swift; path = "UIBarButtonItem+Extension.swift"; sourceTree = "<group>"; };
		E1FDCF1C20749384006B0CB1 /* LoginViewController.swift */ = {isa = PBXFileReference; lastKnownFileType = sourcecode.swift; path = LoginViewController.swift; sourceTree = "<group>"; };
		E1FDCF1E2074AB3A006B0CB1 /* RegisterViewController.swift */ = {isa = PBXFileReference; lastKnownFileType = sourcecode.swift; path = RegisterViewController.swift; sourceTree = "<group>"; };
/* End PBXFileReference section */

/* Begin PBXFrameworksBuildPhase section */
		E1FDCEAA20721034006B0CB1 /* Frameworks */ = {
			isa = PBXFrameworksBuildPhase;
			buildActionMask = 2147483647;
			files = (
				23900CC23E393DC8F6966EF5 /* Pods_Zhsyd_Swift.framework in Frameworks */,
			);
			runOnlyForDeploymentPostprocessing = 0;
		};
		E1FDCEBE20721034006B0CB1 /* Frameworks */ = {
			isa = PBXFrameworksBuildPhase;
			buildActionMask = 2147483647;
			files = (
			);
			runOnlyForDeploymentPostprocessing = 0;
		};
		E1FDCEC920721034006B0CB1 /* Frameworks */ = {
			isa = PBXFrameworksBuildPhase;
			buildActionMask = 2147483647;
			files = (
			);
			runOnlyForDeploymentPostprocessing = 0;
		};
/* End PBXFrameworksBuildPhase section */

/* Begin PBXGroup section */
		90F6ADAF7CCC86539207AFA7 /* Frameworks */ = {
			isa = PBXGroup;
			children = (
				7995AD28EA95869BEEE194B9 /* Pods_Zhsyd_Swift.framework */,
			);
			name = Frameworks;
			sourceTree = "<group>";
		};
		A8071DEE233A7C791BC9568C /* Pods */ = {
			isa = PBXGroup;
			children = (
				58B27D30EC3E616C876ED07B /* Pods-Zhsyd_Swift.debug.xcconfig */,
				C3916287473570FBA7B57ACA /* Pods-Zhsyd_Swift.release.xcconfig */,
			);
			name = Pods;
			sourceTree = "<group>";
		};
		E1006BD5207CB50500B5D151 /* Custom */ = {
			isa = PBXGroup;
			children = (
				E1006BD6207CB52900B5D151 /* GJSegment.swift */,
				E18BCB0D207DC6A100D83270 /* GJRefreshHeader.swift */,
				E18BCB0F207DC81A00D83270 /* GJRefreshFooter.swift */,
				E18BCB24207F52B000D83270 /* GJProgressView.swift */,
			);
			path = Custom;
			sourceTree = "<group>";
		};
		E1FDCEA420721034006B0CB1 = {
			isa = PBXGroup;
			children = (
				E1FDCEAF20721034006B0CB1 /* Zhsyd_Swift */,
				E1FDCEC420721034006B0CB1 /* Zhsyd_SwiftTests */,
				E1FDCECF20721034006B0CB1 /* Zhsyd_SwiftUITests */,
				E1FDCEAE20721034006B0CB1 /* Products */,
				A8071DEE233A7C791BC9568C /* Pods */,
				90F6ADAF7CCC86539207AFA7 /* Frameworks */,
			);
			sourceTree = "<group>";
		};
		E1FDCEAE20721034006B0CB1 /* Products */ = {
			isa = PBXGroup;
			children = (
				E1FDCEAD20721034006B0CB1 /* Zhsyd_Swift.app */,
				E1FDCEC120721034006B0CB1 /* Zhsyd_SwiftTests.xctest */,
				E1FDCECC20721034006B0CB1 /* Zhsyd_SwiftUITests.xctest */,
			);
			name = Products;
			sourceTree = "<group>";
		};
		E1FDCEAF20721034006B0CB1 /* Zhsyd_Swift */ = {
			isa = PBXGroup;
			children = (
				E134B526207B42970082323C /* UserAgreement.html */,
				E1FDCEDF2072135C006B0CB1 /* RealZhsyd */,
				E1FDCEDE2072133E006B0CB1 /* Sockpuppet */,
				E1FDCEB020721034006B0CB1 /* AppDelegate.swift */,
				E1FDCEB220721034006B0CB1 /* ViewController.swift */,
				E1FDCEEC20721953006B0CB1 /* PrefixHeader.pch */,
				E1FDCEED20721953006B0CB1 /* Zhsyd_Swift_briding_Header.h */,
				E1FDCEB420721034006B0CB1 /* Main.storyboard */,
				E1FDCEB720721034006B0CB1 /* Assets.xcassets */,
				E1FDCEB920721034006B0CB1 /* LaunchScreen.storyboard */,
				E1FDCEBC20721034006B0CB1 /* Info.plist */,
			);
			path = Zhsyd_Swift;
			sourceTree = "<group>";
		};
		E1FDCEC420721034006B0CB1 /* Zhsyd_SwiftTests */ = {
			isa = PBXGroup;
			children = (
				E1FDCEC520721034006B0CB1 /* Zhsyd_SwiftTests.swift */,
				E1FDCEC720721034006B0CB1 /* Info.plist */,
			);
			path = Zhsyd_SwiftTests;
			sourceTree = "<group>";
		};
		E1FDCECF20721034006B0CB1 /* Zhsyd_SwiftUITests */ = {
			isa = PBXGroup;
			children = (
				E1FDCED020721034006B0CB1 /* Zhsyd_SwiftUITests.swift */,
				E1FDCED220721034006B0CB1 /* Info.plist */,
			);
			path = Zhsyd_SwiftUITests;
			sourceTree = "<group>";
		};
		E1FDCEDE2072133E006B0CB1 /* Sockpuppet */ = {
			isa = PBXGroup;
			children = (
			);
			path = Sockpuppet;
			sourceTree = "<group>";
		};
		E1FDCEDF2072135C006B0CB1 /* RealZhsyd */ = {
			isa = PBXGroup;
			children = (
				E1FDCF0320732A6B006B0CB1 /* Base */,
				E1FDCEE420721497006B0CB1 /* Common */,
				E1FDCEE520721497006B0CB1 /* NetWork */,
				E1FDCEE020721497006B0CB1 /* ViewControllers */,
			);
			path = RealZhsyd;
			sourceTree = "<group>";
		};
		E1FDCEE020721497006B0CB1 /* ViewControllers */ = {
			isa = PBXGroup;
			children = (
				E1FDCF1B20749346006B0CB1 /* LoginAboutViewController */,
				E1FDCEE120721497006B0CB1 /* InvestViewController */,
				E1FDCEE220721497006B0CB1 /* MainViewController */,
				E1FDCEE320721497006B0CB1 /* MineViewController */,
			);
			path = ViewControllers;
			sourceTree = "<group>";
		};
		E1FDCEE120721497006B0CB1 /* InvestViewController */ = {
			isa = PBXGroup;
			children = (
				E1FDCF0C207341A8006B0CB1 /* Model */,
				E1FDCF0E207341A8006B0CB1 /* View */,
				E1FDCF0D207341A8006B0CB1 /* ViewController */,
			);
			path = InvestViewController;
			sourceTree = "<group>";
		};
		E1FDCEE220721497006B0CB1 /* MainViewController */ = {
			isa = PBXGroup;
			children = (
				E1FDCEF6207222F7006B0CB1 /* Model */,
				E1FDCEF8207222F7006B0CB1 /* View */,
				E1FDCEF7207222F7006B0CB1 /* ViewController */,
			);
			path = MainViewController;
			sourceTree = "<group>";
		};
		E1FDCEE320721497006B0CB1 /* MineViewController */ = {
			isa = PBXGroup;
			children = (
				E1FDCF10207341B4006B0CB1 /* Model */,
				E1FDCF11207341B5006B0CB1 /* View */,
				E1FDCF0F207341B4006B0CB1 /* ViewController */,
			);
			path = MineViewController;
			sourceTree = "<group>";
		};
		E1FDCEE420721497006B0CB1 /* Common */ = {
			isa = PBXGroup;
			children = (
				E1006BD5207CB50500B5D151 /* Custom */,
				E1FDCF16207345F0006B0CB1 /* Extension */,
				E1FDCEE820721790006B0CB1 /* NetWorkFile.swift */,
				E1FDCEEA20721880006B0CB1 /* VariableDefineFile.swift */,
				E1FDCEFF2072259A006B0CB1 /* GJUtil.swift */,
			);
			path = Common;
			sourceTree = "<group>";
		};
		E1FDCEE520721497006B0CB1 /* NetWork */ = {
			isa = PBXGroup;
			children = (
				E1FDCEEE2072226F006B0CB1 /* GJNetwork.swift */,
				E1FDCEF020722285006B0CB1 /* GJNetWorkTool.swift */,
				E1FDCF0120722C05006B0CB1 /* GJNetworkReachability.swift */,
			);
			path = NetWork;
			sourceTree = "<group>";
		};
		E1FDCEF6207222F7006B0CB1 /* Model */ = {
			isa = PBXGroup;
			children = (
				E1FDCEFB2072231B006B0CB1 /* InvestListCellModel.swift */,
				E1006BC9207C7E1A00B5D151 /* BannarModel.swift */,
				E1006BCB207C7F3E00B5D151 /* AnnouceModel.swift */,
			);
			path = Model;
			sourceTree = "<group>";
		};
		E1FDCEF7207222F7006B0CB1 /* ViewController */ = {
			isa = PBXGroup;
			children = (
				E1FDCF0A2073414F006B0CB1 /* MainViewController.swift */,
				E1006BD1207CB0D000B5D151 /* BannarDetailViewController.swift */,
				E1006BD3207CB16000B5D151 /* AnnounceDetailController.swift */,
			);
			path = ViewController;
			sourceTree = "<group>";
		};
		E1FDCEF8207222F7006B0CB1 /* View */ = {
			isa = PBXGroup;
			children = (
				E1FDCEFD20722347006B0CB1 /* MainInvestListCell.swift */,
			);
			path = View;
			sourceTree = "<group>";
		};
		E1FDCF0320732A6B006B0CB1 /* Base */ = {
			isa = PBXGroup;
			children = (
				E1FDCF0420732A9D006B0CB1 /* GJTabbarController.swift */,
				E1FDCF0620734058006B0CB1 /* GJNavigationController.swift */,
				E1FDCF082073410B006B0CB1 /* GJBaseViewController.swift */,
				E1006BCF207CAF9C00B5D151 /* GJBaseWebViewController.swift */,
			);
			path = Base;
			sourceTree = "<group>";
		};
		E1FDCF0C207341A8006B0CB1 /* Model */ = {
			isa = PBXGroup;
			children = (
				E18BCB13207DD88D00D83270 /* InvestDetailModel.swift */,
			);
			path = Model;
			sourceTree = "<group>";
		};
		E1FDCF0D207341A8006B0CB1 /* ViewController */ = {
			isa = PBXGroup;
			children = (
				E1FDCF12207341CC006B0CB1 /* InvestViewController.swift */,
				E1006BD8207DA09200B5D151 /* InvestListViewController.swift */,
				E18BCB11207DD15700D83270 /* InvestDetailViewController.swift */,
				E18BCB22207F424900D83270 /* CunguanWebViewController.swift */,
			);
			path = ViewController;
			sourceTree = "<group>";
		};
		E1FDCF0E207341A8006B0CB1 /* View */ = {
			isa = PBXGroup;
			children = (
				E1006BDA207DB8C800B5D151 /* InvestListCell.swift */,
				E18BCB15207DE05400D83270 /* InvestDetailCell.swift */,
				E18BCB1C207E0A6900D83270 /* InvestCommitView.swift */,
			);
			path = View;
			sourceTree = "<group>";
		};
		E1FDCF0F207341B4006B0CB1 /* ViewController */ = {
			isa = PBXGroup;
			children = (
				E1FDCF14207341DA006B0CB1 /* MineViewController.swift */,
			);
			path = ViewController;
			sourceTree = "<group>";
		};
		E1FDCF10207341B4006B0CB1 /* Model */ = {
			isa = PBXGroup;
			children = (
			);
			path = Model;
			sourceTree = "<group>";
		};
		E1FDCF11207341B5006B0CB1 /* View */ = {
			isa = PBXGroup;
			children = (
			);
			path = View;
			sourceTree = "<group>";
		};
		E1FDCF16207345F0006B0CB1 /* Extension */ = {
			isa = PBXGroup;
			children = (
				E1FDCF1920734795006B0CB1 /* UIBarButtonItem+Extension.swift */,
			);
			path = Extension;
			sourceTree = "<group>";
		};
		E1FDCF1B20749346006B0CB1 /* LoginAboutViewController */ = {
			isa = PBXGroup;
			children = (
				E1FDCF1C20749384006B0CB1 /* LoginViewController.swift */,
				E1FDCF1E2074AB3A006B0CB1 /* RegisterViewController.swift */,
				E134B524207B425B0082323C /* UserAgreementViewController.swift */,
				E134B528207B491C0082323C /* RegisterSuccessViewController.swift */,
				E134B52A207B4D5E0082323C /* ForgetPasswordViewController.swift */,
				E134B52C207B673D0082323C /* ResetPasswordViewController.swift */,
			);
			path = LoginAboutViewController;
			sourceTree = "<group>";
		};
/* End PBXGroup section */

/* Begin PBXNativeTarget section */
		E1FDCEAC20721034006B0CB1 /* Zhsyd_Swift */ = {
			isa = PBXNativeTarget;
			buildConfigurationList = E1FDCED520721034006B0CB1 /* Build configuration list for PBXNativeTarget "Zhsyd_Swift" */;
			buildPhases = (
				06FE2E383FD015C9597764BE /* [CP] Check Pods Manifest.lock */,
				E1FDCEA920721034006B0CB1 /* Sources */,
				E1FDCEAA20721034006B0CB1 /* Frameworks */,
				E1FDCEAB20721034006B0CB1 /* Resources */,
				A6F5C66BC2880FC316630CF8 /* [CP] Embed Pods Frameworks */,
				A0BB7AE9108F6F2B36285BEA /* [CP] Copy Pods Resources */,
			);
			buildRules = (
			);
			dependencies = (
			);
			name = Zhsyd_Swift;
			productName = Zhsyd_Swift;
			productReference = E1FDCEAD20721034006B0CB1 /* Zhsyd_Swift.app */;
			productType = "com.apple.product-type.application";
		};
		E1FDCEC020721034006B0CB1 /* Zhsyd_SwiftTests */ = {
			isa = PBXNativeTarget;
			buildConfigurationList = E1FDCED820721034006B0CB1 /* Build configuration list for PBXNativeTarget "Zhsyd_SwiftTests" */;
			buildPhases = (
				E1FDCEBD20721034006B0CB1 /* Sources */,
				E1FDCEBE20721034006B0CB1 /* Frameworks */,
				E1FDCEBF20721034006B0CB1 /* Resources */,
			);
			buildRules = (
			);
			dependencies = (
				E1FDCEC320721034006B0CB1 /* PBXTargetDependency */,
			);
			name = Zhsyd_SwiftTests;
			productName = Zhsyd_SwiftTests;
			productReference = E1FDCEC120721034006B0CB1 /* Zhsyd_SwiftTests.xctest */;
			productType = "com.apple.product-type.bundle.unit-test";
		};
		E1FDCECB20721034006B0CB1 /* Zhsyd_SwiftUITests */ = {
			isa = PBXNativeTarget;
			buildConfigurationList = E1FDCEDB20721034006B0CB1 /* Build configuration list for PBXNativeTarget "Zhsyd_SwiftUITests" */;
			buildPhases = (
				E1FDCEC820721034006B0CB1 /* Sources */,
				E1FDCEC920721034006B0CB1 /* Frameworks */,
				E1FDCECA20721034006B0CB1 /* Resources */,
			);
			buildRules = (
			);
			dependencies = (
				E1FDCECE20721034006B0CB1 /* PBXTargetDependency */,
			);
			name = Zhsyd_SwiftUITests;
			productName = Zhsyd_SwiftUITests;
			productReference = E1FDCECC20721034006B0CB1 /* Zhsyd_SwiftUITests.xctest */;
			productType = "com.apple.product-type.bundle.ui-testing";
		};
/* End PBXNativeTarget section */

/* Begin PBXProject section */
		E1FDCEA520721034006B0CB1 /* Project object */ = {
			isa = PBXProject;
			attributes = {
				LastSwiftUpdateCheck = 0920;
				LastUpgradeCheck = 0920;
				ORGANIZATIONNAME = "Jun Gao";
				TargetAttributes = {
					E1FDCEAC20721034006B0CB1 = {
						CreatedOnToolsVersion = 9.2;
						ProvisioningStyle = Automatic;
					};
					E1FDCEC020721034006B0CB1 = {
						CreatedOnToolsVersion = 9.2;
						ProvisioningStyle = Automatic;
						TestTargetID = E1FDCEAC20721034006B0CB1;
					};
					E1FDCECB20721034006B0CB1 = {
						CreatedOnToolsVersion = 9.2;
						ProvisioningStyle = Automatic;
						TestTargetID = E1FDCEAC20721034006B0CB1;
					};
				};
			};
			buildConfigurationList = E1FDCEA820721034006B0CB1 /* Build configuration list for PBXProject "Zhsyd_Swift" */;
			compatibilityVersion = "Xcode 8.0";
			developmentRegion = en;
			hasScannedForEncodings = 0;
			knownRegions = (
				en,
				Base,
			);
			mainGroup = E1FDCEA420721034006B0CB1;
			productRefGroup = E1FDCEAE20721034006B0CB1 /* Products */;
			projectDirPath = "";
			projectRoot = "";
			targets = (
				E1FDCEAC20721034006B0CB1 /* Zhsyd_Swift */,
				E1FDCEC020721034006B0CB1 /* Zhsyd_SwiftTests */,
				E1FDCECB20721034006B0CB1 /* Zhsyd_SwiftUITests */,
			);
		};
/* End PBXProject section */

/* Begin PBXResourcesBuildPhase section */
		E1FDCEAB20721034006B0CB1 /* Resources */ = {
			isa = PBXResourcesBuildPhase;
			buildActionMask = 2147483647;
			files = (
				E134B527207B42970082323C /* UserAgreement.html in Resources */,
				E1FDCEBB20721034006B0CB1 /* LaunchScreen.storyboard in Resources */,
				E1FDCEB820721034006B0CB1 /* Assets.xcassets in Resources */,
				E1FDCEB620721034006B0CB1 /* Main.storyboard in Resources */,
			);
			runOnlyForDeploymentPostprocessing = 0;
		};
		E1FDCEBF20721034006B0CB1 /* Resources */ = {
			isa = PBXResourcesBuildPhase;
			buildActionMask = 2147483647;
			files = (
			);
			runOnlyForDeploymentPostprocessing = 0;
		};
		E1FDCECA20721034006B0CB1 /* Resources */ = {
			isa = PBXResourcesBuildPhase;
			buildActionMask = 2147483647;
			files = (
			);
			runOnlyForDeploymentPostprocessing = 0;
		};
/* End PBXResourcesBuildPhase section */

/* Begin PBXShellScriptBuildPhase section */
		06FE2E383FD015C9597764BE /* [CP] Check Pods Manifest.lock */ = {
			isa = PBXShellScriptBuildPhase;
			buildActionMask = 2147483647;
			files = (
			);
			inputPaths = (
				"${PODS_PODFILE_DIR_PATH}/Podfile.lock",
				"${PODS_ROOT}/Manifest.lock",
			);
			name = "[CP] Check Pods Manifest.lock";
			outputPaths = (
				"$(DERIVED_FILE_DIR)/Pods-Zhsyd_Swift-checkManifestLockResult.txt",
			);
			runOnlyForDeploymentPostprocessing = 0;
			shellPath = /bin/sh;
			shellScript = "diff \"${PODS_PODFILE_DIR_PATH}/Podfile.lock\" \"${PODS_ROOT}/Manifest.lock\" > /dev/null\nif [ $? != 0 ] ; then\n    # print error to STDERR\n    echo \"error: The sandbox is not in sync with the Podfile.lock. Run 'pod install' or update your CocoaPods installation.\" >&2\n    exit 1\nfi\n# This output is used by Xcode 'outputs' to avoid re-running this script phase.\necho \"SUCCESS\" > \"${SCRIPT_OUTPUT_FILE_0}\"\n";
			showEnvVarsInLog = 0;
		};
		A0BB7AE9108F6F2B36285BEA /* [CP] Copy Pods Resources */ = {
			isa = PBXShellScriptBuildPhase;
			buildActionMask = 2147483647;
			files = (
			);
			inputPaths = (
			);
			name = "[CP] Copy Pods Resources";
			outputPaths = (
			);
			runOnlyForDeploymentPostprocessing = 0;
			shellPath = /bin/sh;
			shellScript = "\"${SRCROOT}/Pods/Target Support Files/Pods-Zhsyd_Swift/Pods-Zhsyd_Swift-resources.sh\"\n";
			showEnvVarsInLog = 0;
		};
		A6F5C66BC2880FC316630CF8 /* [CP] Embed Pods Frameworks */ = {
			isa = PBXShellScriptBuildPhase;
			buildActionMask = 2147483647;
			files = (
			);
			inputPaths = (
				"${SRCROOT}/Pods/Target Support Files/Pods-Zhsyd_Swift/Pods-Zhsyd_Swift-frameworks.sh",
				"${BUILT_PRODUCTS_DIR}/Alamofire/Alamofire.framework",
				"${BUILT_PRODUCTS_DIR}/MJRefresh/MJRefresh.framework",
				"${BUILT_PRODUCTS_DIR}/SDCycleScrollView/SDCycleScrollView.framework",
				"${BUILT_PRODUCTS_DIR}/SDWebImage/SDWebImage.framework",
				"${BUILT_PRODUCTS_DIR}/SVProgressHUD/SVProgressHUD.framework",
				"${BUILT_PRODUCTS_DIR}/SwiftyJSON/SwiftyJSON.framework",
				"${BUILT_PRODUCTS_DIR}/TYAlertController/TYAlertController.framework",
			);
			name = "[CP] Embed Pods Frameworks";
			outputPaths = (
				"${TARGET_BUILD_DIR}/${FRAMEWORKS_FOLDER_PATH}/Alamofire.framework",
				"${TARGET_BUILD_DIR}/${FRAMEWORKS_FOLDER_PATH}/MJRefresh.framework",
				"${TARGET_BUILD_DIR}/${FRAMEWORKS_FOLDER_PATH}/SDCycleScrollView.framework",
				"${TARGET_BUILD_DIR}/${FRAMEWORKS_FOLDER_PATH}/SDWebImage.framework",
				"${TARGET_BUILD_DIR}/${FRAMEWORKS_FOLDER_PATH}/SVProgressHUD.framework",
				"${TARGET_BUILD_DIR}/${FRAMEWORKS_FOLDER_PATH}/SwiftyJSON.framework",
				"${TARGET_BUILD_DIR}/${FRAMEWORKS_FOLDER_PATH}/TYAlertController.framework",
			);
			runOnlyForDeploymentPostprocessing = 0;
			shellPath = /bin/sh;
			shellScript = "\"${SRCROOT}/Pods/Target Support Files/Pods-Zhsyd_Swift/Pods-Zhsyd_Swift-frameworks.sh\"\n";
			showEnvVarsInLog = 0;
		};
/* End PBXShellScriptBuildPhase section */

/* Begin PBXSourcesBuildPhase section */
		E1FDCEA920721034006B0CB1 /* Sources */ = {
			isa = PBXSourcesBuildPhase;
			buildActionMask = 2147483647;
			files = (
				E134B52B207B4D5E0082323C /* ForgetPasswordViewController.swift in Sources */,
				E1FDCF1D20749384006B0CB1 /* LoginViewController.swift in Sources */,
				E1FDCEEB20721880006B0CB1 /* VariableDefineFile.swift in Sources */,
				E1FDCEFC2072231B006B0CB1 /* InvestListCellModel.swift in Sources */,
				E18BCB12207DD15700D83270 /* InvestDetailViewController.swift in Sources */,
				E1FDCEF120722285006B0CB1 /* GJNetWorkTool.swift in Sources */,
				E1FDCF1F2074AB3A006B0CB1 /* RegisterViewController.swift in Sources */,
				E1FDCF002072259A006B0CB1 /* GJUtil.swift in Sources */,
				E1006BD9207DA09200B5D151 /* InvestListViewController.swift in Sources */,
				E18BCB16207DE05400D83270 /* InvestDetailCell.swift in Sources */,
				E18BCB1D207E0A6900D83270 /* InvestCommitView.swift in Sources */,
				E1FDCF0720734058006B0CB1 /* GJNavigationController.swift in Sources */,
				E1FDCEE920721790006B0CB1 /* NetWorkFile.swift in Sources */,
				E1FDCEB320721034006B0CB1 /* ViewController.swift in Sources */,
				E1006BD0207CAF9C00B5D151 /* GJBaseWebViewController.swift in Sources */,
				E1006BDB207DB8C800B5D151 /* InvestListCell.swift in Sources */,
				E134B529207B491C0082323C /* RegisterSuccessViewController.swift in Sources */,
				E1FDCF0B2073414F006B0CB1 /* MainViewController.swift in Sources */,
				E134B525207B425B0082323C /* UserAgreementViewController.swift in Sources */,
				E1006BCC207C7F3E00B5D151 /* AnnouceModel.swift in Sources */,
				E1FDCF0220722C05006B0CB1 /* GJNetworkReachability.swift in Sources */,
				E1FDCF13207341CC006B0CB1 /* InvestViewController.swift in Sources */,
				E1FDCEEF2072226F006B0CB1 /* GJNetwork.swift in Sources */,
				E18BCB23207F424900D83270 /* CunguanWebViewController.swift in Sources */,
				E1006BD2207CB0D000B5D151 /* BannarDetailViewController.swift in Sources */,
				E18BCB10207DC81A00D83270 /* GJRefreshFooter.swift in Sources */,
				E1006BD4207CB16000B5D151 /* AnnounceDetailController.swift in Sources */,
				E1FDCF15207341DA006B0CB1 /* MineViewController.swift in Sources */,
				E134B52D207B673D0082323C /* ResetPasswordViewController.swift in Sources */,
				E1FDCF092073410B006B0CB1 /* GJBaseViewController.swift in Sources */,
				E18BCB0E207DC6A100D83270 /* GJRefreshHeader.swift in Sources */,
				E18BCB25207F52B000D83270 /* GJProgressView.swift in Sources */,
				E1FDCF0520732A9D006B0CB1 /* GJTabbarController.swift in Sources */,
				E1FDCEFE20722347006B0CB1 /* MainInvestListCell.swift in Sources */,
				E1FDCEB120721034006B0CB1 /* AppDelegate.swift in Sources */,
				E1FDCF1A20734795006B0CB1 /* UIBarButtonItem+Extension.swift in Sources */,
				E1006BCA207C7E1A00B5D151 /* BannarModel.swift in Sources */,
				E1006BD7207CB52900B5D151 /* GJSegment.swift in Sources */,
				E18BCB14207DD88D00D83270 /* InvestDetailModel.swift in Sources */,
			);
			runOnlyForDeploymentPostprocessing = 0;
		};
		E1FDCEBD20721034006B0CB1 /* Sources */ = {
			isa = PBXSourcesBuildPhase;
			buildActionMask = 2147483647;
			files = (
				E1FDCEC620721034006B0CB1 /* Zhsyd_SwiftTests.swift in Sources */,
			);
			runOnlyForDeploymentPostprocessing = 0;
		};
		E1FDCEC820721034006B0CB1 /* Sources */ = {
			isa = PBXSourcesBuildPhase;
			buildActionMask = 2147483647;
			files = (
				E1FDCED120721034006B0CB1 /* Zhsyd_SwiftUITests.swift in Sources */,
			);
			runOnlyForDeploymentPostprocessing = 0;
		};
/* End PBXSourcesBuildPhase section */

/* Begin PBXTargetDependency section */
		E1FDCEC320721034006B0CB1 /* PBXTargetDependency */ = {
			isa = PBXTargetDependency;
			target = E1FDCEAC20721034006B0CB1 /* Zhsyd_Swift */;
			targetProxy = E1FDCEC220721034006B0CB1 /* PBXContainerItemProxy */;
		};
		E1FDCECE20721034006B0CB1 /* PBXTargetDependency */ = {
			isa = PBXTargetDependency;
			target = E1FDCEAC20721034006B0CB1 /* Zhsyd_Swift */;
			targetProxy = E1FDCECD20721034006B0CB1 /* PBXContainerItemProxy */;
		};
/* End PBXTargetDependency section */

/* Begin PBXVariantGroup section */
		E1FDCEB420721034006B0CB1 /* Main.storyboard */ = {
			isa = PBXVariantGroup;
			children = (
				E1FDCEB520721034006B0CB1 /* Base */,
			);
			name = Main.storyboard;
			sourceTree = "<group>";
		};
		E1FDCEB920721034006B0CB1 /* LaunchScreen.storyboard */ = {
			isa = PBXVariantGroup;
			children = (
				E1FDCEBA20721034006B0CB1 /* Base */,
			);
			name = LaunchScreen.storyboard;
			sourceTree = "<group>";
		};
/* End PBXVariantGroup section */

/* Begin XCBuildConfiguration section */
		E1FDCED320721034006B0CB1 /* Debug */ = {
			isa = XCBuildConfiguration;
			buildSettings = {
				ALWAYS_SEARCH_USER_PATHS = NO;
				CLANG_ANALYZER_NONNULL = YES;
				CLANG_ANALYZER_NUMBER_OBJECT_CONVERSION = YES_AGGRESSIVE;
				CLANG_CXX_LANGUAGE_STANDARD = "gnu++14";
				CLANG_CXX_LIBRARY = "libc++";
				CLANG_ENABLE_MODULES = YES;
				CLANG_ENABLE_OBJC_ARC = YES;
				CLANG_WARN_BLOCK_CAPTURE_AUTORELEASING = YES;
				CLANG_WARN_BOOL_CONVERSION = YES;
				CLANG_WARN_COMMA = YES;
				CLANG_WARN_CONSTANT_CONVERSION = YES;
				CLANG_WARN_DIRECT_OBJC_ISA_USAGE = YES_ERROR;
				CLANG_WARN_DOCUMENTATION_COMMENTS = YES;
				CLANG_WARN_EMPTY_BODY = YES;
				CLANG_WARN_ENUM_CONVERSION = YES;
				CLANG_WARN_INFINITE_RECURSION = YES;
				CLANG_WARN_INT_CONVERSION = YES;
				CLANG_WARN_NON_LITERAL_NULL_CONVERSION = YES;
				CLANG_WARN_OBJC_LITERAL_CONVERSION = YES;
				CLANG_WARN_OBJC_ROOT_CLASS = YES_ERROR;
				CLANG_WARN_RANGE_LOOP_ANALYSIS = YES;
				CLANG_WARN_STRICT_PROTOTYPES = YES;
				CLANG_WARN_SUSPICIOUS_MOVE = YES;
				CLANG_WARN_UNGUARDED_AVAILABILITY = YES_AGGRESSIVE;
				CLANG_WARN_UNREACHABLE_CODE = YES;
				CLANG_WARN__DUPLICATE_METHOD_MATCH = YES;
				CODE_SIGN_IDENTITY = "iPhone Developer";
				COPY_PHASE_STRIP = NO;
				DEBUG_INFORMATION_FORMAT = dwarf;
				ENABLE_STRICT_OBJC_MSGSEND = YES;
				ENABLE_TESTABILITY = YES;
				GCC_C_LANGUAGE_STANDARD = gnu11;
				GCC_DYNAMIC_NO_PIC = NO;
				GCC_NO_COMMON_BLOCKS = YES;
				GCC_OPTIMIZATION_LEVEL = 0;
				GCC_PREPROCESSOR_DEFINITIONS = (
					"DEBUG=1",
					"$(inherited)",
				);
				GCC_WARN_64_TO_32_BIT_CONVERSION = YES;
				GCC_WARN_ABOUT_RETURN_TYPE = YES_ERROR;
				GCC_WARN_UNDECLARED_SELECTOR = YES;
				GCC_WARN_UNINITIALIZED_AUTOS = YES_AGGRESSIVE;
				GCC_WARN_UNUSED_FUNCTION = YES;
				GCC_WARN_UNUSED_VARIABLE = YES;
				IPHONEOS_DEPLOYMENT_TARGET = 11.2;
				MTL_ENABLE_DEBUG_INFO = YES;
				ONLY_ACTIVE_ARCH = YES;
				SDKROOT = iphoneos;
				SWIFT_ACTIVE_COMPILATION_CONDITIONS = DEBUG;
				SWIFT_OPTIMIZATION_LEVEL = "-Onone";
			};
			name = Debug;
		};
		E1FDCED420721034006B0CB1 /* Release */ = {
			isa = XCBuildConfiguration;
			buildSettings = {
				ALWAYS_SEARCH_USER_PATHS = NO;
				CLANG_ANALYZER_NONNULL = YES;
				CLANG_ANALYZER_NUMBER_OBJECT_CONVERSION = YES_AGGRESSIVE;
				CLANG_CXX_LANGUAGE_STANDARD = "gnu++14";
				CLANG_CXX_LIBRARY = "libc++";
				CLANG_ENABLE_MODULES = YES;
				CLANG_ENABLE_OBJC_ARC = YES;
				CLANG_WARN_BLOCK_CAPTURE_AUTORELEASING = YES;
				CLANG_WARN_BOOL_CONVERSION = YES;
				CLANG_WARN_COMMA = YES;
				CLANG_WARN_CONSTANT_CONVERSION = YES;
				CLANG_WARN_DIRECT_OBJC_ISA_USAGE = YES_ERROR;
				CLANG_WARN_DOCUMENTATION_COMMENTS = YES;
				CLANG_WARN_EMPTY_BODY = YES;
				CLANG_WARN_ENUM_CONVERSION = YES;
				CLANG_WARN_INFINITE_RECURSION = YES;
				CLANG_WARN_INT_CONVERSION = YES;
				CLANG_WARN_NON_LITERAL_NULL_CONVERSION = YES;
				CLANG_WARN_OBJC_LITERAL_CONVERSION = YES;
				CLANG_WARN_OBJC_ROOT_CLASS = YES_ERROR;
				CLANG_WARN_RANGE_LOOP_ANALYSIS = YES;
				CLANG_WARN_STRICT_PROTOTYPES = YES;
				CLANG_WARN_SUSPICIOUS_MOVE = YES;
				CLANG_WARN_UNGUARDED_AVAILABILITY = YES_AGGRESSIVE;
				CLANG_WARN_UNREACHABLE_CODE = YES;
				CLANG_WARN__DUPLICATE_METHOD_MATCH = YES;
				CODE_SIGN_IDENTITY = "iPhone Developer";
				COPY_PHASE_STRIP = NO;
				DEBUG_INFORMATION_FORMAT = "dwarf-with-dsym";
				ENABLE_NS_ASSERTIONS = NO;
				ENABLE_STRICT_OBJC_MSGSEND = YES;
				GCC_C_LANGUAGE_STANDARD = gnu11;
				GCC_NO_COMMON_BLOCKS = YES;
				GCC_WARN_64_TO_32_BIT_CONVERSION = YES;
				GCC_WARN_ABOUT_RETURN_TYPE = YES_ERROR;
				GCC_WARN_UNDECLARED_SELECTOR = YES;
				GCC_WARN_UNINITIALIZED_AUTOS = YES_AGGRESSIVE;
				GCC_WARN_UNUSED_FUNCTION = YES;
				GCC_WARN_UNUSED_VARIABLE = YES;
				IPHONEOS_DEPLOYMENT_TARGET = 11.2;
				MTL_ENABLE_DEBUG_INFO = NO;
				SDKROOT = iphoneos;
				SWIFT_OPTIMIZATION_LEVEL = "-Owholemodule";
				VALIDATE_PRODUCT = YES;
			};
			name = Release;
		};
		E1FDCED620721034006B0CB1 /* Debug */ = {
			isa = XCBuildConfiguration;
			baseConfigurationReference = 58B27D30EC3E616C876ED07B /* Pods-Zhsyd_Swift.debug.xcconfig */;
			buildSettings = {
				ASSETCATALOG_COMPILER_APPICON_NAME = AppIcon;
				CODE_SIGN_STYLE = Automatic;
				DEVELOPMENT_TEAM = GBM452W698;
				GCC_PRECOMPILE_PREFIX_HEADER = YES;
				GCC_PREFIX_HEADER = "$(SRCROOT)/Zhsyd_Swift/PrefixHeader.pch";
				INFOPLIST_FILE = Zhsyd_Swift/Info.plist;
				IPHONEOS_DEPLOYMENT_TARGET = 9.0;
				LD_RUNPATH_SEARCH_PATHS = "$(inherited) @executable_path/Frameworks";
				PRODUCT_BUNDLE_IDENTIFIER = "com.gaojun.Zhsyd-Swift";
				PRODUCT_NAME = "$(TARGET_NAME)";
				SWIFT_OBJC_BRIDGING_HEADER = "$(SRCROOT)/Zhsyd_Swift/Zhsyd_Swift_briding_Header.h";
				SWIFT_VERSION = 4.0;
				TARGETED_DEVICE_FAMILY = "1,2";
				USER_HEADER_SEARCH_PATHS = "${SRCROOT}/**";
			};
			name = Debug;
		};
		E1FDCED720721034006B0CB1 /* Release */ = {
			isa = XCBuildConfiguration;
			baseConfigurationReference = C3916287473570FBA7B57ACA /* Pods-Zhsyd_Swift.release.xcconfig */;
			buildSettings = {
				ASSETCATALOG_COMPILER_APPICON_NAME = AppIcon;
				CODE_SIGN_STYLE = Automatic;
				DEVELOPMENT_TEAM = GBM452W698;
				GCC_PRECOMPILE_PREFIX_HEADER = YES;
				GCC_PREFIX_HEADER = "$(SRCROOT)/Zhsyd_Swift/PrefixHeader.pch";
				INFOPLIST_FILE = Zhsyd_Swift/Info.plist;
				IPHONEOS_DEPLOYMENT_TARGET = 9.0;
				LD_RUNPATH_SEARCH_PATHS = "$(inherited) @executable_path/Frameworks";
				PRODUCT_BUNDLE_IDENTIFIER = "com.gaojun.Zhsyd-Swift";
				PRODUCT_NAME = "$(TARGET_NAME)";
				SWIFT_OBJC_BRIDGING_HEADER = "$(SRCROOT)/Zhsyd_Swift/Zhsyd_Swift_briding_Header.h";
				SWIFT_VERSION = 4.0;
				TARGETED_DEVICE_FAMILY = "1,2";
				USER_HEADER_SEARCH_PATHS = "${SRCROOT}/**";
			};
			name = Release;
		};
		E1FDCED920721034006B0CB1 /* Debug */ = {
			isa = XCBuildConfiguration;
			buildSettings = {
				ALWAYS_EMBED_SWIFT_STANDARD_LIBRARIES = YES;
				BUNDLE_LOADER = "$(TEST_HOST)";
				CODE_SIGN_STYLE = Automatic;
				DEVELOPMENT_TEAM = GBM452W698;
				INFOPLIST_FILE = Zhsyd_SwiftTests/Info.plist;
				LD_RUNPATH_SEARCH_PATHS = "$(inherited) @executable_path/Frameworks @loader_path/Frameworks";
				PRODUCT_BUNDLE_IDENTIFIER = "com.gaojun.Zhsyd-SwiftTests";
				PRODUCT_NAME = "$(TARGET_NAME)";
				SWIFT_VERSION = 4.0;
				TARGETED_DEVICE_FAMILY = "1,2";
				TEST_HOST = "$(BUILT_PRODUCTS_DIR)/Zhsyd_Swift.app/Zhsyd_Swift";
			};
			name = Debug;
		};
		E1FDCEDA20721034006B0CB1 /* Release */ = {
			isa = XCBuildConfiguration;
			buildSettings = {
				ALWAYS_EMBED_SWIFT_STANDARD_LIBRARIES = YES;
				BUNDLE_LOADER = "$(TEST_HOST)";
				CODE_SIGN_STYLE = Automatic;
				DEVELOPMENT_TEAM = GBM452W698;
				INFOPLIST_FILE = Zhsyd_SwiftTests/Info.plist;
				LD_RUNPATH_SEARCH_PATHS = "$(inherited) @executable_path/Frameworks @loader_path/Frameworks";
				PRODUCT_BUNDLE_IDENTIFIER = "com.gaojun.Zhsyd-SwiftTests";
				PRODUCT_NAME = "$(TARGET_NAME)";
				SWIFT_VERSION = 4.0;
				TARGETED_DEVICE_FAMILY = "1,2";
				TEST_HOST = "$(BUILT_PRODUCTS_DIR)/Zhsyd_Swift.app/Zhsyd_Swift";
			};
			name = Release;
		};
		E1FDCEDC20721034006B0CB1 /* Debug */ = {
			isa = XCBuildConfiguration;
			buildSettings = {
				ALWAYS_EMBED_SWIFT_STANDARD_LIBRARIES = YES;
				CODE_SIGN_STYLE = Automatic;
				DEVELOPMENT_TEAM = GBM452W698;
				INFOPLIST_FILE = Zhsyd_SwiftUITests/Info.plist;
				LD_RUNPATH_SEARCH_PATHS = "$(inherited) @executable_path/Frameworks @loader_path/Frameworks";
				PRODUCT_BUNDLE_IDENTIFIER = "com.gaojun.Zhsyd-SwiftUITests";
				PRODUCT_NAME = "$(TARGET_NAME)";
				SWIFT_VERSION = 4.0;
				TARGETED_DEVICE_FAMILY = "1,2";
				TEST_TARGET_NAME = Zhsyd_Swift;
			};
			name = Debug;
		};
		E1FDCEDD20721034006B0CB1 /* Release */ = {
			isa = XCBuildConfiguration;
			buildSettings = {
				ALWAYS_EMBED_SWIFT_STANDARD_LIBRARIES = YES;
				CODE_SIGN_STYLE = Automatic;
				DEVELOPMENT_TEAM = GBM452W698;
				INFOPLIST_FILE = Zhsyd_SwiftUITests/Info.plist;
				LD_RUNPATH_SEARCH_PATHS = "$(inherited) @executable_path/Frameworks @loader_path/Frameworks";
				PRODUCT_BUNDLE_IDENTIFIER = "com.gaojun.Zhsyd-SwiftUITests";
				PRODUCT_NAME = "$(TARGET_NAME)";
				SWIFT_VERSION = 4.0;
				TARGETED_DEVICE_FAMILY = "1,2";
				TEST_TARGET_NAME = Zhsyd_Swift;
			};
			name = Release;
		};
/* End XCBuildConfiguration section */

/* Begin XCConfigurationList section */
		E1FDCEA820721034006B0CB1 /* Build configuration list for PBXProject "Zhsyd_Swift" */ = {
			isa = XCConfigurationList;
			buildConfigurations = (
				E1FDCED320721034006B0CB1 /* Debug */,
				E1FDCED420721034006B0CB1 /* Release */,
			);
			defaultConfigurationIsVisible = 0;
			defaultConfigurationName = Release;
		};
		E1FDCED520721034006B0CB1 /* Build configuration list for PBXNativeTarget "Zhsyd_Swift" */ = {
			isa = XCConfigurationList;
			buildConfigurations = (
				E1FDCED620721034006B0CB1 /* Debug */,
				E1FDCED720721034006B0CB1 /* Release */,
			);
			defaultConfigurationIsVisible = 0;
			defaultConfigurationName = Release;
		};
		E1FDCED820721034006B0CB1 /* Build configuration list for PBXNativeTarget "Zhsyd_SwiftTests" */ = {
			isa = XCConfigurationList;
			buildConfigurations = (
				E1FDCED920721034006B0CB1 /* Debug */,
				E1FDCEDA20721034006B0CB1 /* Release */,
			);
			defaultConfigurationIsVisible = 0;
			defaultConfigurationName = Release;
		};
		E1FDCEDB20721034006B0CB1 /* Build configuration list for PBXNativeTarget "Zhsyd_SwiftUITests" */ = {
			isa = XCConfigurationList;
			buildConfigurations = (
				E1FDCEDC20721034006B0CB1 /* Debug */,
				E1FDCEDD20721034006B0CB1 /* Release */,
			);
			defaultConfigurationIsVisible = 0;
			defaultConfigurationName = Release;
		};
/* End XCConfigurationList section */
	};
	rootObject = E1FDCEA520721034006B0CB1 /* Project object */;
}
